
Microsoft Visual Studio Solution File, Format Version 12.00
# Visual Studio Version 16
VisualStudioVersion = 16.0.29411.108
MinimumVisualStudioVersion = 10.0.40219.1
Project("{FAE04EC0-301F-11D3-BF4B-00C04F79EFBC}") = "Metas2020", "Metas2020\Metas2020.csproj", "{ED27170B-9A02-40F9-AA43-719FCCDAABAA}"
EndProject
Global
	GlobalSection(SolutionConfigurationPlatforms) = preSolution
		Debug|Any CPU = Debug|Any CPU
		Release|Any CPU = Release|Any CPU
	EndGlobalSection
	GlobalSection(ProjectConfigurationPlatforms) = postSolution
		{ED27170B-9A02-40F9-AA43-719FCCDAABAA}.Debug|Any CPU.ActiveCfg = Debug|Any CPU
		{ED27170B-9A02-40F9-AA43-719FCCDAABAA}.Debug|Any CPU.Build.0 = Debug|Any CPU
		{ED27170B-9A02-40F9-AA43-719FCCDAABAA}.Release|Any CPU.ActiveCfg = Release|Any CPU
		{ED27170B-9A02-40F9-AA43-719FCCDAABAA}.Release|Any CPU.Build.0 = Release|Any CPU
	EndGlobalSection
	GlobalSection(SolutionProperties) = preSolution
		HideSolutionNode = FALSE
	EndGlobalSection
	GlobalSection(ExtensibilityGlobals) = postSolution
		SolutionGuid = {2E171D2A-A902-44F1-9A34-0FD28B8EF647}
	EndGlobalSection
EndGlobal
